
Microsoft Visual Studio Solution File, Format Version 12.00
# Visual Studio Version 17
VisualStudioVersion = 17.11.35219.272
MinimumVisualStudioVersion = 10.0.40219.1
Project("{FAE04EC0-301F-11D3-BF4B-00C04F79EFBC}") = "TicTacToeMinMax", "TicTacToeMinMax\TicTacToeMinMax.csproj", "{9CE3F47E-009F-46D0-B7D2-9CC5622B0D0F}"
EndProject
Global
	GlobalSection(SolutionConfigurationPlatforms) = preSolution
		Debug|Any CPU = Debug|Any CPU
		Release|Any CPU = Release|Any CPU
	EndGlobalSection
	GlobalSection(ProjectConfigurationPlatforms) = postSolution
		{9CE3F47E-009F-46D0-B7D2-9CC5622B0D0F}.Debug|Any CPU.ActiveCfg = Debug|Any CPU
		{9CE3F47E-009F-46D0-B7D2-9CC5622B0D0F}.Debug|Any CPU.Build.0 = Debug|Any CPU
		{9CE3F47E-009F-46D0-B7D2-9CC5622B0D0F}.Release|Any CPU.ActiveCfg = Release|Any CPU
		{9CE3F47E-009F-46D0-B7D2-9CC5622B0D0F}.Release|Any CPU.Build.0 = Release|Any CPU
	EndGlobalSection
	GlobalSection(SolutionProperties) = preSolution
		HideSolutionNode = FALSE
	EndGlobalSection
	GlobalSection(ExtensibilityGlobals) = postSolution
		SolutionGuid = {FC60CCDD-39B3-4682-A1A8-3E1877DA6A28}
	EndGlobalSection
EndGlobal
